
Microsoft Visual Studio Solution File, Format Version 12.00
# Visual Studio Version 17
VisualStudioVersion = 17.8.34330.188
MinimumVisualStudioVersion = 10.0.40219.1
Project("{9A19103F-16F7-4668-BE54-9A1E7A4F7556}") = "CSharp-Algorithm", "CSharp-Algorithm\CSharp-Algorithm.csproj", "{3C742E6A-3C8D-4979-832E-AFED45865D30}"
EndProject
Project("{9A19103F-16F7-4668-BE54-9A1E7A4F7556}") = "00._Algorithm", "00._Algorithm\00._Algorithm.csproj", "{6E6E6DDD-6FE1-4A44-B4D6-E5409518C7D9}"
EndProject
Project("{2150E333-8FDC-42A3-9474-1A3956D46DE8}") = "Algorithm", "Algorithm", "{13BBB584-41ED-4FB5-B3DD-CDBD4067B67E}"
EndProject
Project("{9A19103F-16F7-4668-BE54-9A1E7A4F7556}") = "01._List", "01._List\01._List.csproj", "{7DD0B60D-7AAE-4D55-9C02-69A72A04E6BB}"
EndProject
Project("{9A19103F-16F7-4668-BE54-9A1E7A4F7556}") = "Homework", "Homework\Homework.csproj", "{B29FC6D3-37BB-40BA-B823-E9C015E52FFB}"
EndProject
Project("{9A19103F-16F7-4668-BE54-9A1E7A4F7556}") = "Homework_LinkedList", "Homework_LinkedList\Homework_LinkedList.csproj", "{00B715ED-D31B-4579-A44C-D53CD5DA38F5}"
EndProject
Project("{9A19103F-16F7-4668-BE54-9A1E7A4F7556}") = "Stack_Queue_Homework", "Stack_Queue_Homework\Stack_Queue_Homework.csproj", "{16F61860-96AA-4055-A5CC-6EA4074D67FE}"
EndProject
Project("{9A19103F-16F7-4668-BE54-9A1E7A4F7556}") = "BinarySearchTree_Homework", "BinarySearchTree_Homework\BinarySearchTree_Homework.csproj", "{F477B4D2-6A47-45EA-9A90-66ED9E9B2543}"
EndProject
Project("{9A19103F-16F7-4668-BE54-9A1E7A4F7556}") = "Heap_Homework", "Heap_Homework\Heap_Homework.csproj", "{FD0F18D8-C711-4B3E-A092-5853EAA25163}"
EndProject
Project("{FAE04EC0-301F-11D3-BF4B-00C04F79EFBC}") = "Hashtable_Homework", "Hashtable_Homework\Hashtable_Homework.csproj", "{91EC6689-B5E4-446B-90F0-C616D8A98678}"
EndProject
Project("{FAE04EC0-301F-11D3-BF4B-00C04F79EFBC}") = "Design_Homework", "Design_Homework\Design_Homework.csproj", "{0FDA83B6-D00C-46B0-89A0-0108DB48272A}"
EndProject
Project("{FAE04EC0-301F-11D3-BF4B-00C04F79EFBC}") = "Sort_Homework", "Sort_Homework\Sort_Homework.csproj", "{06004397-DB1B-4783-99A1-E1490EDDEDDD}"
EndProject
Project("{FAE04EC0-301F-11D3-BF4B-00C04F79EFBC}") = "Search_Homework", "Search_Homework\Search_Homework.csproj", "{0080CB3C-C6B3-4810-8447-0461A45BC37C}"
EndProject
Project("{FAE04EC0-301F-11D3-BF4B-00C04F79EFBC}") = "Dijkstra_Homework", "Dijkstra_Homework\Dijkstra_Homework.csproj", "{B76626C0-2EE1-439F-A45A-1ACE19C24360}"
EndProject
Global
	GlobalSection(SolutionConfigurationPlatforms) = preSolution
		Debug|Any CPU = Debug|Any CPU
		Release|Any CPU = Release|Any CPU
	EndGlobalSection
	GlobalSection(ProjectConfigurationPlatforms) = postSolution
		{3C742E6A-3C8D-4979-832E-AFED45865D30}.Debug|Any CPU.ActiveCfg = Debug|Any CPU
		{3C742E6A-3C8D-4979-832E-AFED45865D30}.Debug|Any CPU.Build.0 = Debug|Any CPU
		{3C742E6A-3C8D-4979-832E-AFED45865D30}.Release|Any CPU.ActiveCfg = Release|Any CPU
		{3C742E6A-3C8D-4979-832E-AFED45865D30}.Release|Any CPU.Build.0 = Release|Any CPU
		{6E6E6DDD-6FE1-4A44-B4D6-E5409518C7D9}.Debug|Any CPU.ActiveCfg = Debug|Any CPU
		{6E6E6DDD-6FE1-4A44-B4D6-E5409518C7D9}.Debug|Any CPU.Build.0 = Debug|Any CPU
		{6E6E6DDD-6FE1-4A44-B4D6-E5409518C7D9}.Release|Any CPU.ActiveCfg = Release|Any CPU
		{6E6E6DDD-6FE1-4A44-B4D6-E5409518C7D9}.Release|Any CPU.Build.0 = Release|Any CPU
		{7DD0B60D-7AAE-4D55-9C02-69A72A04E6BB}.Debug|Any CPU.ActiveCfg = Debug|Any CPU
		{7DD0B60D-7AAE-4D55-9C02-69A72A04E6BB}.Debug|Any CPU.Build.0 = Debug|Any CPU
		{7DD0B60D-7AAE-4D55-9C02-69A72A04E6BB}.Release|Any CPU.ActiveCfg = Release|Any CPU
		{7DD0B60D-7AAE-4D55-9C02-69A72A04E6BB}.Release|Any CPU.Build.0 = Release|Any CPU
		{B29FC6D3-37BB-40BA-B823-E9C015E52FFB}.Debug|Any CPU.ActiveCfg = Debug|Any CPU
		{B29FC6D3-37BB-40BA-B823-E9C015E52FFB}.Debug|Any CPU.Build.0 = Debug|Any CPU
		{B29FC6D3-37BB-40BA-B823-E9C015E52FFB}.Release|Any CPU.ActiveCfg = Release|Any CPU
		{B29FC6D3-37BB-40BA-B823-E9C015E52FFB}.Release|Any CPU.Build.0 = Release|Any CPU
		{00B715ED-D31B-4579-A44C-D53CD5DA38F5}.Debug|Any CPU.ActiveCfg = Debug|Any CPU
		{00B715ED-D31B-4579-A44C-D53CD5DA38F5}.Debug|Any CPU.Build.0 = Debug|Any CPU
		{00B715ED-D31B-4579-A44C-D53CD5DA38F5}.Release|Any CPU.ActiveCfg = Release|Any CPU
		{00B715ED-D31B-4579-A44C-D53CD5DA38F5}.Release|Any CPU.Build.0 = Release|Any CPU
		{16F61860-96AA-4055-A5CC-6EA4074D67FE}.Debug|Any CPU.ActiveCfg = Debug|Any CPU
		{16F61860-96AA-4055-A5CC-6EA4074D67FE}.Debug|Any CPU.Build.0 = Debug|Any CPU
		{16F61860-96AA-4055-A5CC-6EA4074D67FE}.Release|Any CPU.ActiveCfg = Release|Any CPU
		{16F61860-96AA-4055-A5CC-6EA4074D67FE}.Release|Any CPU.Build.0 = Release|Any CPU
		{F477B4D2-6A47-45EA-9A90-66ED9E9B2543}.Debug|Any CPU.ActiveCfg = Debug|Any CPU
		{F477B4D2-6A47-45EA-9A90-66ED9E9B2543}.Debug|Any CPU.Build.0 = Debug|Any CPU
		{F477B4D2-6A47-45EA-9A90-66ED9E9B2543}.Release|Any CPU.ActiveCfg = Release|Any CPU
		{F477B4D2-6A47-45EA-9A90-66ED9E9B2543}.Release|Any CPU.Build.0 = Release|Any CPU
		{FD0F18D8-C711-4B3E-A092-5853EAA25163}.Debug|Any CPU.ActiveCfg = Debug|Any CPU
		{FD0F18D8-C711-4B3E-A092-5853EAA25163}.Debug|Any CPU.Build.0 = Debug|Any CPU
		{FD0F18D8-C711-4B3E-A092-5853EAA25163}.Release|Any CPU.ActiveCfg = Release|Any CPU
		{FD0F18D8-C711-4B3E-A092-5853EAA25163}.Release|Any CPU.Build.0 = Release|Any CPU
		{91EC6689-B5E4-446B-90F0-C616D8A98678}.Debug|Any CPU.ActiveCfg = Debug|Any CPU
		{91EC6689-B5E4-446B-90F0-C616D8A98678}.Debug|Any CPU.Build.0 = Debug|Any CPU
		{91EC6689-B5E4-446B-90F0-C616D8A98678}.Release|Any CPU.ActiveCfg = Release|Any CPU
		{91EC6689-B5E4-446B-90F0-C616D8A98678}.Release|Any CPU.Build.0 = Release|Any CPU
		{0FDA83B6-D00C-46B0-89A0-0108DB48272A}.Debug|Any CPU.ActiveCfg = Debug|Any CPU
		{0FDA83B6-D00C-46B0-89A0-0108DB48272A}.Debug|Any CPU.Build.0 = Debug|Any CPU
		{0FDA83B6-D00C-46B0-89A0-0108DB48272A}.Release|Any CPU.ActiveCfg = Release|Any CPU
		{0FDA83B6-D00C-46B0-89A0-0108DB48272A}.Release|Any CPU.Build.0 = Release|Any CPU
		{06004397-DB1B-4783-99A1-E1490EDDEDDD}.Debug|Any CPU.ActiveCfg = Debug|Any CPU
		{06004397-DB1B-4783-99A1-E1490EDDEDDD}.Debug|Any CPU.Build.0 = Debug|Any CPU
		{06004397-DB1B-4783-99A1-E1490EDDEDDD}.Release|Any CPU.ActiveCfg = Release|Any CPU
		{06004397-DB1B-4783-99A1-E1490EDDEDDD}.Release|Any CPU.Build.0 = Release|Any CPU
		{0080CB3C-C6B3-4810-8447-0461A45BC37C}.Debug|Any CPU.ActiveCfg = Debug|Any CPU
		{0080CB3C-C6B3-4810-8447-0461A45BC37C}.Debug|Any CPU.Build.0 = Debug|Any CPU
		{0080CB3C-C6B3-4810-8447-0461A45BC37C}.Release|Any CPU.ActiveCfg = Release|Any CPU
		{0080CB3C-C6B3-4810-8447-0461A45BC37C}.Release|Any CPU.Build.0 = Release|Any CPU
		{B76626C0-2EE1-439F-A45A-1ACE19C24360}.Debug|Any CPU.ActiveCfg = Debug|Any CPU
		{B76626C0-2EE1-439F-A45A-1ACE19C24360}.Debug|Any CPU.Build.0 = Debug|Any CPU
		{B76626C0-2EE1-439F-A45A-1ACE19C24360}.Release|Any CPU.ActiveCfg = Release|Any CPU
		{B76626C0-2EE1-439F-A45A-1ACE19C24360}.Release|Any CPU.Build.0 = Release|Any CPU
	EndGlobalSection
	GlobalSection(SolutionProperties) = preSolution
		HideSolutionNode = FALSE
	EndGlobalSection
	GlobalSection(NestedProjects) = preSolution
		{6E6E6DDD-6FE1-4A44-B4D6-E5409518C7D9} = {13BBB584-41ED-4FB5-B3DD-CDBD4067B67E}
		{7DD0B60D-7AAE-4D55-9C02-69A72A04E6BB} = {13BBB584-41ED-4FB5-B3DD-CDBD4067B67E}
	EndGlobalSection
	GlobalSection(ExtensibilityGlobals) = postSolution
		SolutionGuid = {A40604A0-7FCF-4DA8-996A-945A3C52ED6C}
	EndGlobalSection
EndGlobal
